
Microsoft Visual Studio Solution File, Format Version 12.00
# Visual Studio Version 17
VisualStudioVersion = 17.1.32210.238
MinimumVisualStudioVersion = 10.0.40219.1
Project("{FAE04EC0-301F-11D3-BF4B-00C04F79EFBC}") = "classwork", "classwork\classwork.csproj", "{7FA9BA4E-E01B-40F7-A238-A987F0309E32}"
EndProject
Global
	GlobalSection(SolutionConfigurationPlatforms) = preSolution
		Debug|Any CPU = Debug|Any CPU
		Release|Any CPU = Release|Any CPU
	EndGlobalSection
	GlobalSection(ProjectConfigurationPlatforms) = postSolution
		{7FA9BA4E-E01B-40F7-A238-A987F0309E32}.Debug|Any CPU.ActiveCfg = Debug|Any CPU
		{7FA9BA4E-E01B-40F7-A238-A987F0309E32}.Debug|Any CPU.Build.0 = Debug|Any CPU
		{7FA9BA4E-E01B-40F7-A238-A987F0309E32}.Release|Any CPU.ActiveCfg = Release|Any CPU
		{7FA9BA4E-E01B-40F7-A238-A987F0309E32}.Release|Any CPU.Build.0 = Release|Any CPU
	EndGlobalSection
	GlobalSection(SolutionProperties) = preSolution
		HideSolutionNode = FALSE
	EndGlobalSection
	GlobalSection(ExtensibilityGlobals) = postSolution
		SolutionGuid = {2B9F20EE-B39C-46D9-A87A-A307F566C2CF}
	EndGlobalSection
EndGlobal
